
Microsoft Visual Studio Solution File, Format Version 12.00
# Visual Studio Version 17
VisualStudioVersion = 17.0.31903.59
MinimumVisualStudioVersion = 10.0.40219.1
Project("{2150E333-8FDC-42A3-9474-1A3956D46DE8}") = "src", "src", "{002313D0-3399-4B1E-A821-B07EC2B9D2E1}"
EndProject
Project("{FAE04EC0-301F-11D3-BF4B-00C04F79EFBC}") = "MultiformValidator", "src\MultiformValidator\MultiformValidator.csproj", "{8B02AABE-9655-41BA-9A8C-9361AE0C0E43}"
EndProject
Global
	GlobalSection(SolutionConfigurationPlatforms) = preSolution
		Debug|Any CPU = Debug|Any CPU
		Release|Any CPU = Release|Any CPU
	EndGlobalSection
	GlobalSection(SolutionProperties) = preSolution
		HideSolutionNode = FALSE
	EndGlobalSection
	GlobalSection(ProjectConfigurationPlatforms) = postSolution
		{8B02AABE-9655-41BA-9A8C-9361AE0C0E43}.Debug|Any CPU.ActiveCfg = Debug|Any CPU
		{8B02AABE-9655-41BA-9A8C-9361AE0C0E43}.Debug|Any CPU.Build.0 = Debug|Any CPU
		{8B02AABE-9655-41BA-9A8C-9361AE0C0E43}.Release|Any CPU.ActiveCfg = Release|Any CPU
		{8B02AABE-9655-41BA-9A8C-9361AE0C0E43}.Release|Any CPU.Build.0 = Release|Any CPU
	EndGlobalSection
	GlobalSection(NestedProjects) = preSolution
		{8B02AABE-9655-41BA-9A8C-9361AE0C0E43} = {002313D0-3399-4B1E-A821-B07EC2B9D2E1}
	EndGlobalSection
EndGlobal
